
Microsoft Visual Studio Solution File, Format Version 12.00
# Visual Studio Version 17
VisualStudioVersion = 17.13.35919.96
MinimumVisualStudioVersion = 10.0.40219.1
Project("{8BC9CEB8-8B4A-11D0-8D11-00A0C91BC942}") = "CppFunctionsProject", "CppFunctionsProject\CppFunctionsProject.vcxproj", "{0AAF4BFC-5C0B-4209-BDE9-A5B654BEA79E}"
EndProject
Project("{8BC9CEB8-8B4A-11D0-8D11-00A0C91BC942}") = "CppFunctionsSecondProject", "CppFunctionsSecondProject\CppFunctionsSecondProject.vcxproj", "{7566B5A5-C0DC-44FF-BE36-C2DD958AF439}"
EndProject
Project("{8BC9CEB8-8B4A-11D0-8D11-00A0C91BC942}") = "CppStarsFiguresProject", "CppStarsFiguresProject\CppStarsFiguresProject.vcxproj", "{CE4BA9BD-9598-4DCA-9425-CC018F15B304}"
EndProject
Project("{8BC9CEB8-8B4A-11D0-8D11-00A0C91BC942}") = "CppArraysProject", "CppArraysProject\CppArraysProject.vcxproj", "{EC408D77-8F05-411F-89C6-41AF11ACE7F8}"
EndProject
Global
	GlobalSection(SolutionConfigurationPlatforms) = preSolution
		Debug|x64 = Debug|x64
		Debug|x86 = Debug|x86
		Release|x64 = Release|x64
		Release|x86 = Release|x86
	EndGlobalSection
	GlobalSection(ProjectConfigurationPlatforms) = postSolution
		{0AAF4BFC-5C0B-4209-BDE9-A5B654BEA79E}.Debug|x64.ActiveCfg = Debug|x64
		{0AAF4BFC-5C0B-4209-BDE9-A5B654BEA79E}.Debug|x64.Build.0 = Debug|x64
		{0AAF4BFC-5C0B-4209-BDE9-A5B654BEA79E}.Debug|x86.ActiveCfg = Debug|Win32
		{0AAF4BFC-5C0B-4209-BDE9-A5B654BEA79E}.Debug|x86.Build.0 = Debug|Win32
		{0AAF4BFC-5C0B-4209-BDE9-A5B654BEA79E}.Release|x64.ActiveCfg = Release|x64
		{0AAF4BFC-5C0B-4209-BDE9-A5B654BEA79E}.Release|x64.Build.0 = Release|x64
		{0AAF4BFC-5C0B-4209-BDE9-A5B654BEA79E}.Release|x86.ActiveCfg = Release|Win32
		{0AAF4BFC-5C0B-4209-BDE9-A5B654BEA79E}.Release|x86.Build.0 = Release|Win32
		{7566B5A5-C0DC-44FF-BE36-C2DD958AF439}.Debug|x64.ActiveCfg = Debug|x64
		{7566B5A5-C0DC-44FF-BE36-C2DD958AF439}.Debug|x64.Build.0 = Debug|x64
		{7566B5A5-C0DC-44FF-BE36-C2DD958AF439}.Debug|x86.ActiveCfg = Debug|Win32
		{7566B5A5-C0DC-44FF-BE36-C2DD958AF439}.Debug|x86.Build.0 = Debug|Win32
		{7566B5A5-C0DC-44FF-BE36-C2DD958AF439}.Release|x64.ActiveCfg = Release|x64
		{7566B5A5-C0DC-44FF-BE36-C2DD958AF439}.Release|x64.Build.0 = Release|x64
		{7566B5A5-C0DC-44FF-BE36-C2DD958AF439}.Release|x86.ActiveCfg = Release|Win32
		{7566B5A5-C0DC-44FF-BE36-C2DD958AF439}.Release|x86.Build.0 = Release|Win32
		{CE4BA9BD-9598-4DCA-9425-CC018F15B304}.Debug|x64.ActiveCfg = Debug|x64
		{CE4BA9BD-9598-4DCA-9425-CC018F15B304}.Debug|x64.Build.0 = Debug|x64
		{CE4BA9BD-9598-4DCA-9425-CC018F15B304}.Debug|x86.ActiveCfg = Debug|Win32
		{CE4BA9BD-9598-4DCA-9425-CC018F15B304}.Debug|x86.Build.0 = Debug|Win32
		{CE4BA9BD-9598-4DCA-9425-CC018F15B304}.Release|x64.ActiveCfg = Release|x64
		{CE4BA9BD-9598-4DCA-9425-CC018F15B304}.Release|x64.Build.0 = Release|x64
		{CE4BA9BD-9598-4DCA-9425-CC018F15B304}.Release|x86.ActiveCfg = Release|Win32
		{CE4BA9BD-9598-4DCA-9425-CC018F15B304}.Release|x86.Build.0 = Release|Win32
		{EC408D77-8F05-411F-89C6-41AF11ACE7F8}.Debug|x64.ActiveCfg = Debug|x64
		{EC408D77-8F05-411F-89C6-41AF11ACE7F8}.Debug|x64.Build.0 = Debug|x64
		{EC408D77-8F05-411F-89C6-41AF11ACE7F8}.Debug|x86.ActiveCfg = Debug|Win32
		{EC408D77-8F05-411F-89C6-41AF11ACE7F8}.Debug|x86.Build.0 = Debug|Win32
		{EC408D77-8F05-411F-89C6-41AF11ACE7F8}.Release|x64.ActiveCfg = Release|x64
		{EC408D77-8F05-411F-89C6-41AF11ACE7F8}.Release|x64.Build.0 = Release|x64
		{EC408D77-8F05-411F-89C6-41AF11ACE7F8}.Release|x86.ActiveCfg = Release|Win32
		{EC408D77-8F05-411F-89C6-41AF11ACE7F8}.Release|x86.Build.0 = Release|Win32
	EndGlobalSection
	GlobalSection(SolutionProperties) = preSolution
		HideSolutionNode = FALSE
	EndGlobalSection
	GlobalSection(ExtensibilityGlobals) = postSolution
		SolutionGuid = {2B3D0D45-8C57-4355-A007-553D61BA4105}
	EndGlobalSection
EndGlobal
